// !$*UTF8*$!
{
	archiveVersion = 1;
	classes = {
	};
	objectVersion = 56;
	objects = {

/* Begin PBXBuildFile section */
		3B7B9A862AF6272F005DD200 /* AppDelegate.swift in Sources */ = {isa = PBXBuildFile; fileRef = 3B7B9A852AF6272F005DD200 /* AppDelegate.swift */; };
		3B7B9A882AF6272F005DD200 /* SceneDelegate.swift in Sources */ = {isa = PBXBuildFile; fileRef = 3B7B9A872AF6272F005DD200 /* SceneDelegate.swift */; };
		3B7B9A8A2AF6272F005DD200 /* ViewController.swift in Sources */ = {isa = PBXBuildFile; fileRef = 3B7B9A892AF6272F005DD200 /* ViewController.swift */; };
		3B7B9A8D2AF6272F005DD200 /* Main.storyboard in Resources */ = {isa = PBXBuildFile; fileRef = 3B7B9A8B2AF6272F005DD200 /* Main.storyboard */; };
		3B7B9A8F2AF62730005DD200 /* Assets.xcassets in Resources */ = {isa = PBXBuildFile; fileRef = 3B7B9A8E2AF62730005DD200 /* Assets.xcassets */; };
		3B7B9A922AF62730005DD200 /* LaunchScreen.storyboard in Resources */ = {isa = PBXBuildFile; fileRef = 3B7B9A902AF62730005DD200 /* LaunchScreen.storyboard */; };
		D5CEBEE3D8CEF9DF8EA7F732 /* Pods_SampleKingfisher.framework in Frameworks */ = {isa = PBXBuildFile; fileRef = DE210A7E17E5532F46FA6B21 /* Pods_SampleKingfisher.framework */; };
/* End PBXBuildFile section */

/* Begin PBXFileReference section */
		19FEDB46F657FCC81420200C /* Pods-SampleKingfisher.release.xcconfig */ = {isa = PBXFileReference; includeInIndex = 1; lastKnownFileType = text.xcconfig; name = "Pods-SampleKingfisher.release.xcconfig"; path = "Target Support Files/Pods-SampleKingfisher/Pods-SampleKingfisher.release.xcconfig"; sourceTree = "<group>"; };
		3B7B9A822AF6272F005DD200 /* SampleKingfisher.app */ = {isa = PBXFileReference; explicitFileType = wrapper.application; includeInIndex = 0; path = SampleKingfisher.app; sourceTree = BUILT_PRODUCTS_DIR; };
		3B7B9A852AF6272F005DD200 /* AppDelegate.swift */ = {isa = PBXFileReference; lastKnownFileType = sourcecode.swift; path = AppDelegate.swift; sourceTree = "<group>"; };
		3B7B9A872AF6272F005DD200 /* SceneDelegate.swift */ = {isa = PBXFileReference; lastKnownFileType = sourcecode.swift; path = SceneDelegate.swift; sourceTree = "<group>"; };
		3B7B9A892AF6272F005DD200 /* ViewController.swift */ = {isa = PBXFileReference; lastKnownFileType = sourcecode.swift; path = ViewController.swift; sourceTree = "<group>"; };
		3B7B9A8C2AF6272F005DD200 /* Base */ = {isa = PBXFileReference; lastKnownFileType = file.storyboard; name = Base; path = Base.lproj/Main.storyboard; sourceTree = "<group>"; };
		3B7B9A8E2AF62730005DD200 /* Assets.xcassets */ = {isa = PBXFileReference; lastKnownFileType = folder.assetcatalog; path = Assets.xcassets; sourceTree = "<group>"; };
		3B7B9A912AF62730005DD200 /* Base */ = {isa = PBXFileReference; lastKnownFileType = file.storyboard; name = Base; path = Base.lproj/LaunchScreen.storyboard; sourceTree = "<group>"; };
		3B7B9A932AF62730005DD200 /* Info.plist */ = {isa = PBXFileReference; lastKnownFileType = text.plist.xml; path = Info.plist; sourceTree = "<group>"; };
		63098EEFBD8D53014A1F67A8 /* Pods-SampleKingfisher.debug.xcconfig */ = {isa = PBXFileReference; includeInIndex = 1; lastKnownFileType = text.xcconfig; name = "Pods-SampleKingfisher.debug.xcconfig"; path = "Target Support Files/Pods-SampleKingfisher/Pods-SampleKingfisher.debug.xcconfig"; sourceTree = "<group>"; };
		DE210A7E17E5532F46FA6B21 /* Pods_SampleKingfisher.framework */ = {isa = PBXFileReference; explicitFileType = wrapper.framework; includeInIndex = 0; path = Pods_SampleKingfisher.framework; sourceTree = BUILT_PRODUCTS_DIR; };
/* End PBXFileReference section */

/* Begin PBXFrameworksBuildPhase section */
		3B7B9A7F2AF6272F005DD200 /* Frameworks */ = {
			isa = PBXFrameworksBuildPhase;
			buildActionMask = 2147483647;
			files = (
				D5CEBEE3D8CEF9DF8EA7F732 /* Pods_SampleKingfisher.framework in Frameworks */,
			);
			runOnlyForDeploymentPostprocessing = 0;
		};
/* End PBXFrameworksBuildPhase section */

/* Begin PBXGroup section */
		3B7B9A792AF6272F005DD200 = {
			isa = PBXGroup;
			children = (
				3B7B9A842AF6272F005DD200 /* SampleKingfisher */,
				3B7B9A832AF6272F005DD200 /* Products */,
				5FF6E6BC1A4D86ED26665440 /* Pods */,
				40C39C06B15B200D16B5348A /* Frameworks */,
			);
			sourceTree = "<group>";
		};
		3B7B9A832AF6272F005DD200 /* Products */ = {
			isa = PBXGroup;
			children = (
				3B7B9A822AF6272F005DD200 /* SampleKingfisher.app */,
			);
			name = Products;
			sourceTree = "<group>";
		};
		3B7B9A842AF6272F005DD200 /* SampleKingfisher */ = {
			isa = PBXGroup;
			children = (
				3B7B9A852AF6272F005DD200 /* AppDelegate.swift */,
				3B7B9A872AF6272F005DD200 /* SceneDelegate.swift */,
				3B7B9A892AF6272F005DD200 /* ViewController.swift */,
				3B7B9A8B2AF6272F005DD200 /* Main.storyboard */,
				3B7B9A8E2AF62730005DD200 /* Assets.xcassets */,
				3B7B9A902AF62730005DD200 /* LaunchScreen.storyboard */,
				3B7B9A932AF62730005DD200 /* Info.plist */,
			);
			path = SampleKingfisher;
			sourceTree = "<group>";
		};
		40C39C06B15B200D16B5348A /* Frameworks */ = {
			isa = PBXGroup;
			children = (
				DE210A7E17E5532F46FA6B21 /* Pods_SampleKingfisher.framework */,
			);
			name = Frameworks;
			sourceTree = "<group>";
		};
		5FF6E6BC1A4D86ED26665440 /* Pods */ = {
			isa = PBXGroup;
			children = (
				63098EEFBD8D53014A1F67A8 /* Pods-SampleKingfisher.debug.xcconfig */,
				19FEDB46F657FCC81420200C /* Pods-SampleKingfisher.release.xcconfig */,
			);
			path = Pods;
			sourceTree = "<group>";
		};
/* End PBXGroup section */

/* Begin PBXNativeTarget section */
		3B7B9A812AF6272F005DD200 /* SampleKingfisher */ = {
			isa = PBXNativeTarget;
			buildConfigurationList = 3B7B9A962AF62730005DD200 /* Build configuration list for PBXNativeTarget "SampleKingfisher" */;
			buildPhases = (
				ADD72C71D5B455056E62006F /* [CP] Check Pods Manifest.lock */,
				3B7B9A7E2AF6272F005DD200 /* Sources */,
				3B7B9A7F2AF6272F005DD200 /* Frameworks */,
				3B7B9A802AF6272F005DD200 /* Resources */,
				1D91F060AA33F891449D872F /* [CP] Embed Pods Frameworks */,
			);
			buildRules = (
			);
			dependencies = (
			);
			name = SampleKingfisher;
			productName = SampleKingfisher;
			productReference = 3B7B9A822AF6272F005DD200 /* SampleKingfisher.app */;
			productType = "com.apple.product-type.application";
		};
/* End PBXNativeTarget section */

/* Begin PBXProject section */
		3B7B9A7A2AF6272F005DD200 /* Project object */ = {
			isa = PBXProject;
			attributes = {
				BuildIndependentTargetsInParallel = 1;
				LastSwiftUpdateCheck = 1500;
				LastUpgradeCheck = 1500;
				TargetAttributes = {
					3B7B9A812AF6272F005DD200 = {
						CreatedOnToolsVersion = 15.0.1;
					};
				};
			};
			buildConfigurationList = 3B7B9A7D2AF6272F005DD200 /* Build configuration list for PBXProject "SampleKingfisher" */;
			compatibilityVersion = "Xcode 14.0";
			developmentRegion = en;
			hasScannedForEncodings = 0;
			knownRegions = (
				en,
				Base,
			);
			mainGroup = 3B7B9A792AF6272F005DD200;
			productRefGroup = 3B7B9A832AF6272F005DD200 /* Products */;
			projectDirPath = "";
			projectRoot = "";
			targets = (
				3B7B9A812AF6272F005DD200 /* SampleKingfisher */,
			);
		};
/* End PBXProject section */

/* Begin PBXResourcesBuildPhase section */
		3B7B9A802AF6272F005DD200 /* Resources */ = {
			isa = PBXResourcesBuildPhase;
			buildActionMask = 2147483647;
			files = (
				3B7B9A922AF62730005DD200 /* LaunchScreen.storyboard in Resources */,
				3B7B9A8F2AF62730005DD200 /* Assets.xcassets in Resources */,
				3B7B9A8D2AF6272F005DD200 /* Main.storyboard in Resources */,
			);
			runOnlyForDeploymentPostprocessing = 0;
		};
/* End PBXResourcesBuildPhase section */

/* Begin PBXShellScriptBuildPhase section */
		1D91F060AA33F891449D872F /* [CP] Embed Pods Frameworks */ = {
			isa = PBXShellScriptBuildPhase;
			buildActionMask = 2147483647;
			files = (
			);
			inputFileListPaths = (
				"${PODS_ROOT}/Target Support Files/Pods-SampleKingfisher/Pods-SampleKingfisher-frameworks-${CONFIGURATION}-input-files.xcfilelist",
			);
			name = "[CP] Embed Pods Frameworks";
			outputFileListPaths = (
				"${PODS_ROOT}/Target Support Files/Pods-SampleKingfisher/Pods-SampleKingfisher-frameworks-${CONFIGURATION}-output-files.xcfilelist",
			);
			runOnlyForDeploymentPostprocessing = 0;
			shellPath = /bin/sh;
			shellScript = "\"${PODS_ROOT}/Target Support Files/Pods-SampleKingfisher/Pods-SampleKingfisher-frameworks.sh\"\n";
			showEnvVarsInLog = 0;
		};
		ADD72C71D5B455056E62006F /* [CP] Check Pods Manifest.lock */ = {
			isa = PBXShellScriptBuildPhase;
			buildActionMask = 2147483647;
			files = (
			);
			inputFileListPaths = (
			);
			inputPaths = (
				"${PODS_PODFILE_DIR_PATH}/Podfile.lock",
				"${PODS_ROOT}/Manifest.lock",
			);
			name = "[CP] Check Pods Manifest.lock";
			outputFileListPaths = (
			);
			outputPaths = (
				"$(DERIVED_FILE_DIR)/Pods-SampleKingfisher-checkManifestLockResult.txt",
			);
			runOnlyForDeploymentPostprocessing = 0;
			shellPath = /bin/sh;
			shellScript = "diff \"${PODS_PODFILE_DIR_PATH}/Podfile.lock\" \"${PODS_ROOT}/Manifest.lock\" > /dev/null\nif [ $? != 0 ] ; then\n    # print error to STDERR\n    echo \"error: The sandbox is not in sync with the Podfile.lock. Run 'pod install' or update your CocoaPods installation.\" >&2\n    exit 1\nfi\n# This output is used by Xcode 'outputs' to avoid re-running this script phase.\necho \"SUCCESS\" > \"${SCRIPT_OUTPUT_FILE_0}\"\n";
			showEnvVarsInLog = 0;
		};
/* End PBXShellScriptBuildPhase section */

/* Begin PBXSourcesBuildPhase section */
		3B7B9A7E2AF6272F005DD200 /* Sources */ = {
			isa = PBXSourcesBuildPhase;
			buildActionMask = 2147483647;
			files = (
				3B7B9A8A2AF6272F005DD200 /* ViewController.swift in Sources */,
				3B7B9A862AF6272F005DD200 /* AppDelegate.swift in Sources */,
				3B7B9A882AF6272F005DD200 /* SceneDelegate.swift in Sources */,
			);
			runOnlyForDeploymentPostprocessing = 0;
		};
/* End PBXSourcesBuildPhase section */

/* Begin PBXVariantGroup section */
		3B7B9A8B2AF6272F005DD200 /* Main.storyboard */ = {
			isa = PBXVariantGroup;
			children = (
				3B7B9A8C2AF6272F005DD200 /* Base */,
			);
			name = Main.storyboard;
			sourceTree = "<group>";
		};
		3B7B9A902AF62730005DD200 /* LaunchScreen.storyboard */ = {
			isa = PBXVariantGroup;
			children = (
				3B7B9A912AF62730005DD200 /* Base */,
			);
			name = LaunchScreen.storyboard;
			sourceTree = "<group>";
		};
/* End PBXVariantGroup section */

/* Begin XCBuildConfiguration section */
		3B7B9A942AF62730005DD200 /* Debug */ = {
			isa = XCBuildConfiguration;
			buildSettings = {
				ALWAYS_SEARCH_USER_PATHS = NO;
				ASSETCATALOG_COMPILER_GENERATE_SWIFT_ASSET_SYMBOL_EXTENSIONS = YES;
				CLANG_ANALYZER_NONNULL = YES;
				CLANG_ANALYZER_NUMBER_OBJECT_CONVERSION = YES_AGGRESSIVE;
				CLANG_CXX_LANGUAGE_STANDARD = "gnu++20";
				CLANG_ENABLE_MODULES = YES;
				CLANG_ENABLE_OBJC_ARC = YES;
				CLANG_ENABLE_OBJC_WEAK = YES;
				CLANG_WARN_BLOCK_CAPTURE_AUTORELEASING = YES;
				CLANG_WARN_BOOL_CONVERSION = YES;
				CLANG_WARN_COMMA = YES;
				CLANG_WARN_CONSTANT_CONVERSION = YES;
				CLANG_WARN_DEPRECATED_OBJC_IMPLEMENTATIONS = YES;
				CLANG_WARN_DIRECT_OBJC_ISA_USAGE = YES_ERROR;
				CLANG_WARN_DOCUMENTATION_COMMENTS = YES;
				CLANG_WARN_EMPTY_BODY = YES;
				CLANG_WARN_ENUM_CONVERSION = YES;
				CLANG_WARN_INFINITE_RECURSION = YES;
				CLANG_WARN_INT_CONVERSION = YES;
				CLANG_WARN_NON_LITERAL_NULL_CONVERSION = YES;
				CLANG_WARN_OBJC_IMPLICIT_RETAIN_SELF = YES;
				CLANG_WARN_OBJC_LITERAL_CONVERSION = YES;
				CLANG_WARN_OBJC_ROOT_CLASS = YES_ERROR;
				CLANG_WARN_QUOTED_INCLUDE_IN_FRAMEWORK_HEADER = YES;
				CLANG_WARN_RANGE_LOOP_ANALYSIS = YES;
				CLANG_WARN_STRICT_PROTOTYPES = YES;
				CLANG_WARN_SUSPICIOUS_MOVE = YES;
				CLANG_WARN_UNGUARDED_AVAILABILITY = YES_AGGRESSIVE;
				CLANG_WARN_UNREACHABLE_CODE = YES;
				CLANG_WARN__DUPLICATE_METHOD_MATCH = YES;
				COPY_PHASE_STRIP = NO;
				DEBUG_INFORMATION_FORMAT = dwarf;
				ENABLE_STRICT_OBJC_MSGSEND = YES;
				ENABLE_TESTABILITY = YES;
				ENABLE_USER_SCRIPT_SANDBOXING = YES;
				GCC_C_LANGUAGE_STANDARD = gnu17;
				GCC_DYNAMIC_NO_PIC = NO;
				GCC_NO_COMMON_BLOCKS = YES;
				GCC_OPTIMIZATION_LEVEL = 0;
				GCC_PREPROCESSOR_DEFINITIONS = (
					"DEBUG=1",
					"$(inherited)",
				);
				GCC_WARN_64_TO_32_BIT_CONVERSION = YES;
				GCC_WARN_ABOUT_RETURN_TYPE = YES_ERROR;
				GCC_WARN_UNDECLARED_SELECTOR = YES;
				GCC_WARN_UNINITIALIZED_AUTOS = YES_AGGRESSIVE;
				GCC_WARN_UNUSED_FUNCTION = YES;
				GCC_WARN_UNUSED_VARIABLE = YES;
				IPHONEOS_DEPLOYMENT_TARGET = 17.0;
				LOCALIZATION_PREFERS_STRING_CATALOGS = YES;
				MTL_ENABLE_DEBUG_INFO = INCLUDE_SOURCE;
				MTL_FAST_MATH = YES;
				ONLY_ACTIVE_ARCH = YES;
				SDKROOT = iphoneos;
				SWIFT_ACTIVE_COMPILATION_CONDITIONS = "DEBUG $(inherited)";
				SWIFT_OPTIMIZATION_LEVEL = "-Onone";
			};
			name = Debug;
		};
		3B7B9A952AF62730005DD200 /* Release */ = {
			isa = XCBuildConfiguration;
			buildSettings = {
				ALWAYS_SEARCH_USER_PATHS = NO;
				ASSETCATALOG_COMPILER_GENERATE_SWIFT_ASSET_SYMBOL_EXTENSIONS = YES;
				CLANG_ANALYZER_NONNULL = YES;
				CLANG_ANALYZER_NUMBER_OBJECT_CONVERSION = YES_AGGRESSIVE;
				CLANG_CXX_LANGUAGE_STANDARD = "gnu++20";
				CLANG_ENABLE_MODULES = YES;
				CLANG_ENABLE_OBJC_ARC = YES;
				CLANG_ENABLE_OBJC_WEAK = YES;
				CLANG_WARN_BLOCK_CAPTURE_AUTORELEASING = YES;
				CLANG_WARN_BOOL_CONVERSION = YES;
				CLANG_WARN_COMMA = YES;
				CLANG_WARN_CONSTANT_CONVERSION = YES;
				CLANG_WARN_DEPRECATED_OBJC_IMPLEMENTATIONS = YES;
				CLANG_WARN_DIRECT_OBJC_ISA_USAGE = YES_ERROR;
				CLANG_WARN_DOCUMENTATION_COMMENTS = YES;
				CLANG_WARN_EMPTY_BODY = YES;
				CLANG_WARN_ENUM_CONVERSION = YES;
				CLANG_WARN_INFINITE_RECURSION = YES;
				CLANG_WARN_INT_CONVERSION = YES;
				CLANG_WARN_NON_LITERAL_NULL_CONVERSION = YES;
				CLANG_WARN_OBJC_IMPLICIT_RETAIN_SELF = YES;
				CLANG_WARN_OBJC_LITERAL_CONVERSION = YES;
				CLANG_WARN_OBJC_ROOT_CLASS = YES_ERROR;
				CLANG_WARN_QUOTED_INCLUDE_IN_FRAMEWORK_HEADER = YES;
				CLANG_WARN_RANGE_LOOP_ANALYSIS = YES;
				CLANG_WARN_STRICT_PROTOTYPES = YES;
				CLANG_WARN_SUSPICIOUS_MOVE = YES;
				CLANG_WARN_UNGUARDED_AVAILABILITY = YES_AGGRESSIVE;
				CLANG_WARN_UNREACHABLE_CODE = YES;
				CLANG_WARN__DUPLICATE_METHOD_MATCH = YES;
				COPY_PHASE_STRIP = NO;
				DEBUG_INFORMATION_FORMAT = "dwarf-with-dsym";
				ENABLE_NS_ASSERTIONS = NO;
				ENABLE_STRICT_OBJC_MSGSEND = YES;
				ENABLE_USER_SCRIPT_SANDBOXING = YES;
				GCC_C_LANGUAGE_STANDARD = gnu17;
				GCC_NO_COMMON_BLOCKS = YES;
				GCC_WARN_64_TO_32_BIT_CONVERSION = YES;
				GCC_WARN_ABOUT_RETURN_TYPE = YES_ERROR;
				GCC_WARN_UNDECLARED_SELECTOR = YES;
				GCC_WARN_UNINITIALIZED_AUTOS = YES_AGGRESSIVE;
				GCC_WARN_UNUSED_FUNCTION = YES;
				GCC_WARN_UNUSED_VARIABLE = YES;
				IPHONEOS_DEPLOYMENT_TARGET = 17.0;
				LOCALIZATION_PREFERS_STRING_CATALOGS = YES;
				MTL_ENABLE_DEBUG_INFO = NO;
				MTL_FAST_MATH = YES;
				SDKROOT = iphoneos;
				SWIFT_COMPILATION_MODE = wholemodule;
				VALIDATE_PRODUCT = YES;
			};
			name = Release;
		};
		3B7B9A972AF62730005DD200 /* Debug */ = {
			isa = XCBuildConfiguration;
			baseConfigurationReference = 63098EEFBD8D53014A1F67A8 /* Pods-SampleKingfisher.debug.xcconfig */;
			buildSettings = {
				ASSETCATALOG_COMPILER_APPICON_NAME = AppIcon;
				ASSETCATALOG_COMPILER_GLOBAL_ACCENT_COLOR_NAME = AccentColor;
				CODE_SIGN_STYLE = Automatic;
				CURRENT_PROJECT_VERSION = 1;
				ENABLE_USER_SCRIPT_SANDBOXING = NO;
				GENERATE_INFOPLIST_FILE = YES;
				INFOPLIST_FILE = SampleKingfisher/Info.plist;
				INFOPLIST_KEY_UIApplicationSupportsIndirectInputEvents = YES;
				INFOPLIST_KEY_UILaunchStoryboardName = LaunchScreen;
				INFOPLIST_KEY_UIMainStoryboardFile = Main;
				INFOPLIST_KEY_UISupportedInterfaceOrientations_iPad = "UIInterfaceOrientationPortrait UIInterfaceOrientationPortraitUpsideDown UIInterfaceOrientationLandscapeLeft UIInterfaceOrientationLandscapeRight";
				INFOPLIST_KEY_UISupportedInterfaceOrientations_iPhone = "UIInterfaceOrientationPortrait UIInterfaceOrientationLandscapeLeft UIInterfaceOrientationLandscapeRight";
				LD_RUNPATH_SEARCH_PATHS = (
					"$(inherited)",
					"@executable_path/Frameworks",
				);
				MARKETING_VERSION = 1.0;
				PRODUCT_BUNDLE_IDENTIFIER = com.example.SampleKingfisher;
				PRODUCT_NAME = "$(TARGET_NAME)";
				SWIFT_EMIT_LOC_STRINGS = YES;
				SWIFT_VERSION = 5.0;
				TARGETED_DEVICE_FAMILY = "1,2";
			};
			name = Debug;
		};
		3B7B9A982AF62730005DD200 /* Release */ = {
			isa = XCBuildConfiguration;
			baseConfigurationReference = 19FEDB46F657FCC81420200C /* Pods-SampleKingfisher.release.xcconfig */;
			buildSettings = {
				ASSETCATALOG_COMPILER_APPICON_NAME = AppIcon;
				ASSETCATALOG_COMPILER_GLOBAL_ACCENT_COLOR_NAME = AccentColor;
				CODE_SIGN_STYLE = Automatic;
				CURRENT_PROJECT_VERSION = 1;
				ENABLE_USER_SCRIPT_SANDBOXING = NO;
				GENERATE_INFOPLIST_FILE = YES;
				INFOPLIST_FILE = SampleKingfisher/Info.plist;
				INFOPLIST_KEY_UIApplicationSupportsIndirectInputEvents = YES;
				INFOPLIST_KEY_UILaunchStoryboardName = LaunchScreen;
				INFOPLIST_KEY_UIMainStoryboardFile = Main;
				INFOPLIST_KEY_UISupportedInterfaceOrientations_iPad = "UIInterfaceOrientationPortrait UIInterfaceOrientationPortraitUpsideDown UIInterfaceOrientationLandscapeLeft UIInterfaceOrientationLandscapeRight";
				INFOPLIST_KEY_UISupportedInterfaceOrientations_iPhone = "UIInterfaceOrientationPortrait UIInterfaceOrientationLandscapeLeft UIInterfaceOrientationLandscapeRight";
				LD_RUNPATH_SEARCH_PATHS = (
					"$(inherited)",
					"@executable_path/Frameworks",
				);
				MARKETING_VERSION = 1.0;
				PRODUCT_BUNDLE_IDENTIFIER = com.example.SampleKingfisher;
				PRODUCT_NAME = "$(TARGET_NAME)";
				SWIFT_EMIT_LOC_STRINGS = YES;
				SWIFT_VERSION = 5.0;
				TARGETED_DEVICE_FAMILY = "1,2";
			};
			name = Release;
		};
/* End XCBuildConfiguration section */

/* Begin XCConfigurationList section */
		3B7B9A7D2AF6272F005DD200 /* Build configuration list for PBXProject "SampleKingfisher" */ = {
			isa = XCConfigurationList;
			buildConfigurations = (
				3B7B9A942AF62730005DD200 /* Debug */,
				3B7B9A952AF62730005DD200 /* Release */,
			);
			defaultConfigurationIsVisible = 0;
			defaultConfigurationName = Release;
		};
		3B7B9A962AF62730005DD200 /* Build configuration list for PBXNativeTarget "SampleKingfisher" */ = {
			isa = XCConfigurationList;
			buildConfigurations = (
				3B7B9A972AF62730005DD200 /* Debug */,
				3B7B9A982AF62730005DD200 /* Release */,
			);
			defaultConfigurationIsVisible = 0;
			defaultConfigurationName = Release;
		};
/* End XCConfigurationList section */
	};
	rootObject = 3B7B9A7A2AF6272F005DD200 /* Project object */;
}
